// !$*UTF8*$!
{
	archiveVersion = 1;
	classes = {
	};
	objectVersion = 46;
	objects = {

/* Begin PBXBuildFile section */
		1FAC41E51B6A31F800AC9889 /* ByteBuffer.m in Sources */ = {isa = PBXBuildFile; fileRef = 1FAC41E41B6A31F800AC9889 /* ByteBuffer.m */; };
/* End PBXBuildFile section */

/* Begin PBXCopyFilesBuildPhase section */
		1FAC41C61B6A317D00AC9889 /* CopyFiles */ = {
			isa = PBXCopyFilesBuildPhase;
			buildActionMask = 2147483647;
			dstPath = "include/$(PRODUCT_NAME)";
			dstSubfolderSpec = 16;
			files = (
			);
			runOnlyForDeploymentPostprocessing = 0;
		};
/* End PBXCopyFilesBuildPhase section */

/* Begin PBXFileReference section */
		1FAC41C81B6A317D00AC9889 /* libios-byteBuffer.a */ = {isa = PBXFileReference; explicitFileType = archive.ar; includeInIndex = 0; path = "libios-byteBuffer.a"; sourceTree = BUILT_PRODUCTS_DIR; };
		1FAC41E31B6A31F800AC9889 /* ByteBuffer.h */ = {isa = PBXFileReference; fileEncoding = 4; lastKnownFileType = sourcecode.c.h; path = ByteBuffer.h; sourceTree = "<group>"; };
		1FAC41E41B6A31F800AC9889 /* ByteBuffer.m */ = {isa = PBXFileReference; fileEncoding = 4; lastKnownFileType = sourcecode.c.objc; path = ByteBuffer.m; sourceTree = "<group>"; };
		1FAC41E71B6A326B00AC9889 /* ios-byteBuffer.podspec */ = {isa = PBXFileReference; fileEncoding = 4; lastKnownFileType = text; path = "ios-byteBuffer.podspec"; sourceTree = "<group>"; };
/* End PBXFileReference section */

/* Begin PBXFrameworksBuildPhase section */
		1FAC41C51B6A317D00AC9889 /* Frameworks */ = {
			isa = PBXFrameworksBuildPhase;
			buildActionMask = 2147483647;
			files = (
			);
			runOnlyForDeploymentPostprocessing = 0;
		};
/* End PBXFrameworksBuildPhase section */

/* Begin PBXGroup section */
		1FAC41BF1B6A317D00AC9889 = {
			isa = PBXGroup;
			children = (
				1FAC41E61B6A325800AC9889 /* pod meta file */,
				1FAC41E21B6A31F800AC9889 /* Classes */,
				1FAC41C91B6A317D00AC9889 /* Products */,
			);
			sourceTree = "<group>";
		};
		1FAC41C91B6A317D00AC9889 /* Products */ = {
			isa = PBXGroup;
			children = (
				1FAC41C81B6A317D00AC9889 /* libios-byteBuffer.a */,
			);
			name = Products;
			sourceTree = "<group>";
		};
		1FAC41E21B6A31F800AC9889 /* Classes */ = {
			isa = PBXGroup;
			children = (
				1FAC41E31B6A31F800AC9889 /* ByteBuffer.h */,
				1FAC41E41B6A31F800AC9889 /* ByteBuffer.m */,
			);
			path = Classes;
			sourceTree = "<group>";
		};
		1FAC41E61B6A325800AC9889 /* pod meta file */ = {
			isa = PBXGroup;
			children = (
				1FAC41E71B6A326B00AC9889 /* ios-byteBuffer.podspec */,
			);
			name = "pod meta file";
			sourceTree = "<group>";
		};
/* End PBXGroup section */

/* Begin PBXNativeTarget section */
		1FAC41C71B6A317D00AC9889 /* ios-byteBuffer */ = {
			isa = PBXNativeTarget;
			buildConfigurationList = 1FAC41DC1B6A317E00AC9889 /* Build configuration list for PBXNativeTarget "ios-byteBuffer" */;
			buildPhases = (
				1FAC41C41B6A317D00AC9889 /* Sources */,
				1FAC41C51B6A317D00AC9889 /* Frameworks */,
				1FAC41C61B6A317D00AC9889 /* CopyFiles */,
			);
			buildRules = (
			);
			dependencies = (
			);
			name = "ios-byteBuffer";
			productName = "ios-byteBuffer";
			productReference = 1FAC41C81B6A317D00AC9889 /* libios-byteBuffer.a */;
			productType = "com.apple.product-type.library.static";
		};
/* End PBXNativeTarget section */

/* Begin PBXProject section */
		1FAC41C01B6A317D00AC9889 /* Project object */ = {
			isa = PBXProject;
			attributes = {
				LastUpgradeCheck = 0640;
				ORGANIZATIONNAME = billylee;
				TargetAttributes = {
					1FAC41C71B6A317D00AC9889 = {
						CreatedOnToolsVersion = 6.4;
					};
				};
			};
			buildConfigurationList = 1FAC41C31B6A317D00AC9889 /* Build configuration list for PBXProject "ios-byteBuffer" */;
			compatibilityVersion = "Xcode 3.2";
			developmentRegion = English;
			hasScannedForEncodings = 0;
			knownRegions = (
				en,
			);
			mainGroup = 1FAC41BF1B6A317D00AC9889;
			productRefGroup = 1FAC41C91B6A317D00AC9889 /* Products */;
			projectDirPath = "";
			projectRoot = "";
			targets = (
				1FAC41C71B6A317D00AC9889 /* ios-byteBuffer */,
			);
		};
/* End PBXProject section */

/* Begin PBXSourcesBuildPhase section */
		1FAC41C41B6A317D00AC9889 /* Sources */ = {
			isa = PBXSourcesBuildPhase;
			buildActionMask = 2147483647;
			files = (
				1FAC41E51B6A31F800AC9889 /* ByteBuffer.m in Sources */,
			);
			runOnlyForDeploymentPostprocessing = 0;
		};
/* End PBXSourcesBuildPhase section */

/* Begin XCBuildConfiguration section */
		1FAC41DA1B6A317E00AC9889 /* Debug */ = {
			isa = XCBuildConfiguration;
			buildSettings = {
				ALWAYS_SEARCH_USER_PATHS = NO;
				CLANG_CXX_LANGUAGE_STANDARD = "gnu++0x";
				CLANG_CXX_LIBRARY = "libc++";
				CLANG_ENABLE_MODULES = YES;
				CLANG_ENABLE_OBJC_ARC = YES;
				CLANG_WARN_BOOL_CONVERSION = YES;
				CLANG_WARN_CONSTANT_CONVERSION = YES;
				CLANG_WARN_DIRECT_OBJC_ISA_USAGE = YES_ERROR;
				CLANG_WARN_EMPTY_BODY = YES;
				CLANG_WARN_ENUM_CONVERSION = YES;
				CLANG_WARN_INT_CONVERSION = YES;
				CLANG_WARN_OBJC_ROOT_CLASS = YES_ERROR;
				CLANG_WARN_UNREACHABLE_CODE = YES;
				CLANG_WARN__DUPLICATE_METHOD_MATCH = YES;
				COPY_PHASE_STRIP = NO;
				DEBUG_INFORMATION_FORMAT = "dwarf-with-dsym";
				ENABLE_STRICT_OBJC_MSGSEND = YES;
				GCC_C_LANGUAGE_STANDARD = gnu99;
				GCC_DYNAMIC_NO_PIC = NO;
				GCC_NO_COMMON_BLOCKS = YES;
				GCC_OPTIMIZATION_LEVEL = 0;
				GCC_PREPROCESSOR_DEFINITIONS = (
					"DEBUG=1",
					"$(inherited)",
				);
				GCC_SYMBOLS_PRIVATE_EXTERN = NO;
				GCC_WARN_64_TO_32_BIT_CONVERSION = YES;
				GCC_WARN_ABOUT_RETURN_TYPE = YES_ERROR;
				GCC_WARN_UNDECLARED_SELECTOR = YES;
				GCC_WARN_UNINITIALIZED_AUTOS = YES_AGGRESSIVE;
				GCC_WARN_UNUSED_FUNCTION = YES;
				GCC_WARN_UNUSED_VARIABLE = YES;
				IPHONEOS_DEPLOYMENT_TARGET = 8.4;
				MTL_ENABLE_DEBUG_INFO = YES;
				ONLY_ACTIVE_ARCH = YES;
				SDKROOT = iphoneos;
			};
			name = Debug;
		};
		1FAC41DB1B6A317E00AC9889 /* Release */ = {
			isa = XCBuildConfiguration;
			buildSettings = {
				ALWAYS_SEARCH_USER_PATHS = NO;
				CLANG_CXX_LANGUAGE_STANDARD = "gnu++0x";
				CLANG_CXX_LIBRARY = "libc++";
				CLANG_ENABLE_MODULES = YES;
				CLANG_ENABLE_OBJC_ARC = YES;
				CLANG_WARN_BOOL_CONVERSION = YES;
				CLANG_WARN_CONSTANT_CONVERSION = YES;
				CLANG_WARN_DIRECT_OBJC_ISA_USAGE = YES_ERROR;
				CLANG_WARN_EMPTY_BODY = YES;
				CLANG_WARN_ENUM_CONVERSION = YES;
				CLANG_WARN_INT_CONVERSION = YES;
				CLANG_WARN_OBJC_ROOT_CLASS = YES_ERROR;
				CLANG_WARN_UNREACHABLE_CODE = YES;
				CLANG_WARN__DUPLICATE_METHOD_MATCH = YES;
				COPY_PHASE_STRIP = NO;
				DEBUG_INFORMATION_FORMAT = "dwarf-with-dsym";
				ENABLE_NS_ASSERTIONS = NO;
				ENABLE_STRICT_OBJC_MSGSEND = YES;
				GCC_C_LANGUAGE_STANDARD = gnu99;
				GCC_NO_COMMON_BLOCKS = YES;
				GCC_WARN_64_TO_32_BIT_CONVERSION = YES;
				GCC_WARN_ABOUT_RETURN_TYPE = YES_ERROR;
				GCC_WARN_UNDECLARED_SELECTOR = YES;
				GCC_WARN_UNINITIALIZED_AUTOS = YES_AGGRESSIVE;
				GCC_WARN_UNUSED_FUNCTION = YES;
				GCC_WARN_UNUSED_VARIABLE = YES;
				IPHONEOS_DEPLOYMENT_TARGET = 8.4;
				MTL_ENABLE_DEBUG_INFO = NO;
				SDKROOT = iphoneos;
				VALIDATE_PRODUCT = YES;
			};
			name = Release;
		};
		1FAC41DD1B6A317E00AC9889 /* Debug */ = {
			isa = XCBuildConfiguration;
			buildSettings = {
				OTHER_LDFLAGS = "-ObjC";
				PRODUCT_NAME = "$(TARGET_NAME)";
				SKIP_INSTALL = YES;
			};
			name = Debug;
		};
		1FAC41DE1B6A317E00AC9889 /* Release */ = {
			isa = XCBuildConfiguration;
			buildSettings = {
				OTHER_LDFLAGS = "-ObjC";
				PRODUCT_NAME = "$(TARGET_NAME)";
				SKIP_INSTALL = YES;
			};
			name = Release;
		};
/* End XCBuildConfiguration section */

/* Begin XCConfigurationList section */
		1FAC41C31B6A317D00AC9889 /* Build configuration list for PBXProject "ios-byteBuffer" */ = {
			isa = XCConfigurationList;
			buildConfigurations = (
				1FAC41DA1B6A317E00AC9889 /* Debug */,
				1FAC41DB1B6A317E00AC9889 /* Release */,
			);
			defaultConfigurationIsVisible = 0;
			defaultConfigurationName = Release;
		};
		1FAC41DC1B6A317E00AC9889 /* Build configuration list for PBXNativeTarget "ios-byteBuffer" */ = {
			isa = XCConfigurationList;
			buildConfigurations = (
				1FAC41DD1B6A317E00AC9889 /* Debug */,
				1FAC41DE1B6A317E00AC9889 /* Release */,
			);
			defaultConfigurationIsVisible = 0;
			defaultConfigurationName = Release;
		};
/* End XCConfigurationList section */
	};
	rootObject = 1FAC41C01B6A317D00AC9889 /* Project object */;
}
